
Microsoft Visual Studio Solution File, Format Version 12.00
# Visual Studio Version 17
VisualStudioVersion = 17.0.32126.317
MinimumVisualStudioVersion = 10.0.40219.1
Project("{2150E333-8FDC-42A3-9474-1A3956D46DE8}") = "src", "src", "{16267B81-E515-4C2E-8BE9-671F5E6DE6E6}"
EndProject
Project("{9A19103F-16F7-4668-BE54-9A1E7A4F7556}") = "Core", "src\Core\Core.csproj", "{0A010BAA-2496-494C-900B-12D6ED9B2347}"
EndProject
Project("{2150E333-8FDC-42A3-9474-1A3956D46DE8}") = "tests", "tests", "{B61F8903-EF78-4C57-9CCC-0758D49B4C48}"
EndProject
Project("{9A19103F-16F7-4668-BE54-9A1E7A4F7556}") = "Messaging.Tests", "tests\Messaging.Tests\Messaging.Tests.csproj", "{2D396E91-DFC8-4E17-B7A6-6089D4B6629B}"
EndProject
Project("{9A19103F-16F7-4668-BE54-9A1E7A4F7556}") = "Messaging.Web.Server", "src\Messaging.Web.Server\Messaging.Web.Server.csproj", "{53D2B825-915C-44BA-825D-1BBAC1F21AE0}"
EndProject
Project("{9A19103F-16F7-4668-BE54-9A1E7A4F7556}") = "Messaging.Web.Client", "src\Messaging.Web.Client\Messaging.Web.Client.csproj", "{5284A41F-F0C5-44F9-9275-9A754F27F088}"
EndProject
Project("{9A19103F-16F7-4668-BE54-9A1E7A4F7556}") = "Messaging", "src\Messaging\Messaging.csproj", "{12420CED-98AD-49FA-896F-BF077BE6348A}"
EndProject
Project("{9A19103F-16F7-4668-BE54-9A1E7A4F7556}") = "Diagnostics", "src\Diagnostics\Diagnostics.csproj", "{AF54229C-4604-4E73-853F-B3458A48926D}"
EndProject
Project("{2150E333-8FDC-42A3-9474-1A3956D46DE8}") = "docs", "docs", "{4F6B2A00-A05C-4144-81DD-383CC77F7951}"
	ProjectSection(SolutionItems) = preProject
		.editorconfig = .editorconfig
		.gitignore = .gitignore
		CHANGELOG.md = CHANGELOG.md
		LICENSE = LICENSE
		README.md = README.md
		SECURITY.md = SECURITY.md
	EndProjectSection
EndProject
Project("{2150E333-8FDC-42A3-9474-1A3956D46DE8}") = ".github", ".github", "{5100A35B-B0AD-4B31-B20D-1B6BA9C28E67}"
	ProjectSection(SolutionItems) = preProject
		.github\codecov.yml = .github\codecov.yml
		.github\dependabot.yml = .github\dependabot.yml
	EndProjectSection
EndProject
Project("{2150E333-8FDC-42A3-9474-1A3956D46DE8}") = "workflows", "workflows", "{E8CFAD40-A709-484B-95BF-05136817D277}"
	ProjectSection(SolutionItems) = preProject
		.github\workflows\cd.yml = .github\workflows\cd.yml
		.github\workflows\ci-cd.yml = .github\workflows\ci-cd.yml
		.github\workflows\ci.yml = .github\workflows\ci.yml
		.github\workflows\codeql-analysis.yml = .github\workflows\codeql-analysis.yml
		.github\workflows\pr.yml = .github\workflows\pr.yml
	EndProjectSection
EndProject
Project("{9A19103F-16F7-4668-BE54-9A1E7A4F7556}") = "Messaging.Web.Client.Tests", "tests\Messaging.Web.Client.Tests\Messaging.Web.Client.Tests.csproj", "{F57F11D4-82B8-4197-B234-93769814137F}"
EndProject
Project("{9A19103F-16F7-4668-BE54-9A1E7A4F7556}") = "Messaging.Web.Server.Tests", "tests\Messaging.Web.Server.Tests\Messaging.Web.Server.Tests.csproj", "{E208915A-CCA4-4219-B6B6-D2223A6287CC}"
EndProject
Project("{9A19103F-16F7-4668-BE54-9A1E7A4F7556}") = "Messaging.Web.Tests", "tests\Messaging.Web.Tests\Messaging.Web.Tests.csproj", "{027DC107-290E-4AF9-AB0D-7280299CACC1}"
EndProject
Project("{9A19103F-16F7-4668-BE54-9A1E7A4F7556}") = "Core.Tests", "tests\Core.Tests\Core.Tests.csproj", "{630361EF-DE90-4F6B-B7E6-4D47C887F59C}"
EndProject
Project("{9A19103F-16F7-4668-BE54-9A1E7A4F7556}") = "Storage", "src\Storage\Storage.csproj", "{E7FCD4E0-C366-4D90-AADD-051B2644F06C}"
EndProject
Project("{9A19103F-16F7-4668-BE54-9A1E7A4F7556}") = "Storage.Tests", "tests\Storage.Tests\Storage.Tests.csproj", "{93671E9F-C1F2-445C-82BB-F897688AE3AB}"
EndProject
Project("{9A19103F-16F7-4668-BE54-9A1E7A4F7556}") = "Serialization.Json", "src\Serialization.Json\Serialization.Json.csproj", "{314B79FA-BBF7-42B7-B745-725D739618B6}"
EndProject
Project("{9A19103F-16F7-4668-BE54-9A1E7A4F7556}") = "Serialization.Json.Tests", "tests\Serialization.Json.Tests\Serialization.Json.Tests.csproj", "{736C9191-E598-4499-BA58-19FB5C461E83}"
EndProject
Project("{9A19103F-16F7-4668-BE54-9A1E7A4F7556}") = "Storage.Mongo", "src\Storage.Mongo\Storage.Mongo.csproj", "{F0D14515-0516-4AD8-9ABC-D126A13BB2F1}"
EndProject
Project("{9A19103F-16F7-4668-BE54-9A1E7A4F7556}") = "Storage.Mongo.Tests", "tests\Storage.Mongo.Tests\Storage.Mongo.Tests.csproj", "{54CD169A-AA86-49AB-9745-9F835FEF7A6A}"
EndProject
Project("{9A19103F-16F7-4668-BE54-9A1E7A4F7556}") = "Diagnostics.Tests", "tests\Diagnostics.Tests\Diagnostics.Tests.csproj", "{76AD6ABE-6281-4EFF-B4BD-B2CF83344BC9}"
EndProject
Project("{9A19103F-16F7-4668-BE54-9A1E7A4F7556}") = "Messaging.Mongo.Tests", "tests\Messaging.Mongo.Tests\Messaging.Mongo.Tests.csproj", "{E933CD48-238C-422D-8337-AED584454C76}"
EndProject
Project("{9A19103F-16F7-4668-BE54-9A1E7A4F7556}") = "Storage.Sqlite", "src\Storage.Sqlite\Storage.Sqlite.csproj", "{174F6940-B80C-4064-9BFE-70AC11B4AFCA}"
EndProject
Project("{9A19103F-16F7-4668-BE54-9A1E7A4F7556}") = "Storage.Sqlite.Tests", "tests\Storage.Sqlite.Tests\Storage.Sqlite.Tests.csproj", "{B591C6BF-B73E-42D4-8DFA-C7419CB70DE3}"
EndProject
Project("{9A19103F-16F7-4668-BE54-9A1E7A4F7556}") = "Messaging.Sqlite.Tests", "tests\Messaging.Sqlite.Tests\Messaging.Sqlite.Tests.csproj", "{49D386C0-C421-4B74-BD5C-72AB578918BE}"
EndProject
Project("{9A19103F-16F7-4668-BE54-9A1E7A4F7556}") = "Messaging.Generic.Client", "src\Messaging.Generic.Client\Messaging.Generic.Client.csproj", "{4F71A647-31EB-4CED-A7B4-F666866B2A37}"
EndProject
Project("{9A19103F-16F7-4668-BE54-9A1E7A4F7556}") = "Messaging.Generic.Server", "src\Messaging.Generic.Server\Messaging.Generic.Server.csproj", "{6394BB84-31DB-48DA-87EE-FC46655D0461}"
EndProject
Project("{9A19103F-16F7-4668-BE54-9A1E7A4F7556}") = "Messaging.Mongo.Client", "src\Messaging.Mongo.Client\Messaging.Mongo.Client.csproj", "{94013823-D611-4286-AC46-8EB715874E28}"
EndProject
Project("{9A19103F-16F7-4668-BE54-9A1E7A4F7556}") = "Messaging.Mongo.Server", "src\Messaging.Mongo.Server\Messaging.Mongo.Server.csproj", "{ACE6ECA2-5CA9-44E0-9B18-C95B4531EFC6}"
EndProject
Project("{9A19103F-16F7-4668-BE54-9A1E7A4F7556}") = "Messaging.Sqlite.Client", "src\Messaging.Sqlite.Client\Messaging.Sqlite.Client.csproj", "{92C8A100-CD73-46FC-B9E7-9BCB2AADB4C2}"
EndProject
Project("{9A19103F-16F7-4668-BE54-9A1E7A4F7556}") = "Messaging.Sqlite.Server", "src\Messaging.Sqlite.Server\Messaging.Sqlite.Server.csproj", "{4667B7A7-A042-4434-81DB-32FB198E3C1F}"
EndProject
Project("{9A19103F-16F7-4668-BE54-9A1E7A4F7556}") = "Logging", "src\Logging\Logging.csproj", "{1BE0A21C-CFA8-43AE-9D1D-851E81A719B8}"
EndProject
Project("{9A19103F-16F7-4668-BE54-9A1E7A4F7556}") = "Logging.Tests", "tests\Logging.Tests\Logging.Tests.csproj", "{CE75701A-E229-4B57-A41B-9DEE92F07A30}"
EndProject
Global
	GlobalSection(SolutionConfigurationPlatforms) = preSolution
		Debug|Any CPU = Debug|Any CPU
		Debug|x64 = Debug|x64
		Debug|x86 = Debug|x86
		Release|Any CPU = Release|Any CPU
		Release|x64 = Release|x64
		Release|x86 = Release|x86
	EndGlobalSection
	GlobalSection(ProjectConfigurationPlatforms) = postSolution
		{0A010BAA-2496-494C-900B-12D6ED9B2347}.Debug|Any CPU.ActiveCfg = Debug|Any CPU
		{0A010BAA-2496-494C-900B-12D6ED9B2347}.Debug|Any CPU.Build.0 = Debug|Any CPU
		{0A010BAA-2496-494C-900B-12D6ED9B2347}.Debug|x64.ActiveCfg = Debug|Any CPU
		{0A010BAA-2496-494C-900B-12D6ED9B2347}.Debug|x64.Build.0 = Debug|Any CPU
		{0A010BAA-2496-494C-900B-12D6ED9B2347}.Debug|x86.ActiveCfg = Debug|Any CPU
		{0A010BAA-2496-494C-900B-12D6ED9B2347}.Debug|x86.Build.0 = Debug|Any CPU
		{0A010BAA-2496-494C-900B-12D6ED9B2347}.Release|Any CPU.ActiveCfg = Release|Any CPU
		{0A010BAA-2496-494C-900B-12D6ED9B2347}.Release|Any CPU.Build.0 = Release|Any CPU
		{0A010BAA-2496-494C-900B-12D6ED9B2347}.Release|x64.ActiveCfg = Release|Any CPU
		{0A010BAA-2496-494C-900B-12D6ED9B2347}.Release|x64.Build.0 = Release|Any CPU
		{0A010BAA-2496-494C-900B-12D6ED9B2347}.Release|x86.ActiveCfg = Release|Any CPU
		{0A010BAA-2496-494C-900B-12D6ED9B2347}.Release|x86.Build.0 = Release|Any CPU
		{2D396E91-DFC8-4E17-B7A6-6089D4B6629B}.Debug|Any CPU.ActiveCfg = Debug|Any CPU
		{2D396E91-DFC8-4E17-B7A6-6089D4B6629B}.Debug|Any CPU.Build.0 = Debug|Any CPU
		{2D396E91-DFC8-4E17-B7A6-6089D4B6629B}.Debug|x64.ActiveCfg = Debug|Any CPU
		{2D396E91-DFC8-4E17-B7A6-6089D4B6629B}.Debug|x64.Build.0 = Debug|Any CPU
		{2D396E91-DFC8-4E17-B7A6-6089D4B6629B}.Debug|x86.ActiveCfg = Debug|Any CPU
		{2D396E91-DFC8-4E17-B7A6-6089D4B6629B}.Debug|x86.Build.0 = Debug|Any CPU
		{2D396E91-DFC8-4E17-B7A6-6089D4B6629B}.Release|Any CPU.ActiveCfg = Release|Any CPU
		{2D396E91-DFC8-4E17-B7A6-6089D4B6629B}.Release|Any CPU.Build.0 = Release|Any CPU
		{2D396E91-DFC8-4E17-B7A6-6089D4B6629B}.Release|x64.ActiveCfg = Release|Any CPU
		{2D396E91-DFC8-4E17-B7A6-6089D4B6629B}.Release|x64.Build.0 = Release|Any CPU
		{2D396E91-DFC8-4E17-B7A6-6089D4B6629B}.Release|x86.ActiveCfg = Release|Any CPU
		{2D396E91-DFC8-4E17-B7A6-6089D4B6629B}.Release|x86.Build.0 = Release|Any CPU
		{53D2B825-915C-44BA-825D-1BBAC1F21AE0}.Debug|Any CPU.ActiveCfg = Debug|Any CPU
		{53D2B825-915C-44BA-825D-1BBAC1F21AE0}.Debug|Any CPU.Build.0 = Debug|Any CPU
		{53D2B825-915C-44BA-825D-1BBAC1F21AE0}.Debug|x64.ActiveCfg = Debug|Any CPU
		{53D2B825-915C-44BA-825D-1BBAC1F21AE0}.Debug|x64.Build.0 = Debug|Any CPU
		{53D2B825-915C-44BA-825D-1BBAC1F21AE0}.Debug|x86.ActiveCfg = Debug|Any CPU
		{53D2B825-915C-44BA-825D-1BBAC1F21AE0}.Debug|x86.Build.0 = Debug|Any CPU
		{53D2B825-915C-44BA-825D-1BBAC1F21AE0}.Release|Any CPU.ActiveCfg = Release|Any CPU
		{53D2B825-915C-44BA-825D-1BBAC1F21AE0}.Release|Any CPU.Build.0 = Release|Any CPU
		{53D2B825-915C-44BA-825D-1BBAC1F21AE0}.Release|x64.ActiveCfg = Release|Any CPU
		{53D2B825-915C-44BA-825D-1BBAC1F21AE0}.Release|x64.Build.0 = Release|Any CPU
		{53D2B825-915C-44BA-825D-1BBAC1F21AE0}.Release|x86.ActiveCfg = Release|Any CPU
		{53D2B825-915C-44BA-825D-1BBAC1F21AE0}.Release|x86.Build.0 = Release|Any CPU
		{5284A41F-F0C5-44F9-9275-9A754F27F088}.Debug|Any CPU.ActiveCfg = Debug|Any CPU
		{5284A41F-F0C5-44F9-9275-9A754F27F088}.Debug|Any CPU.Build.0 = Debug|Any CPU
		{5284A41F-F0C5-44F9-9275-9A754F27F088}.Debug|x64.ActiveCfg = Debug|Any CPU
		{5284A41F-F0C5-44F9-9275-9A754F27F088}.Debug|x64.Build.0 = Debug|Any CPU
		{5284A41F-F0C5-44F9-9275-9A754F27F088}.Debug|x86.ActiveCfg = Debug|Any CPU
		{5284A41F-F0C5-44F9-9275-9A754F27F088}.Debug|x86.Build.0 = Debug|Any CPU
		{5284A41F-F0C5-44F9-9275-9A754F27F088}.Release|Any CPU.ActiveCfg = Release|Any CPU
		{5284A41F-F0C5-44F9-9275-9A754F27F088}.Release|Any CPU.Build.0 = Release|Any CPU
		{5284A41F-F0C5-44F9-9275-9A754F27F088}.Release|x64.ActiveCfg = Release|Any CPU
		{5284A41F-F0C5-44F9-9275-9A754F27F088}.Release|x64.Build.0 = Release|Any CPU
		{5284A41F-F0C5-44F9-9275-9A754F27F088}.Release|x86.ActiveCfg = Release|Any CPU
		{5284A41F-F0C5-44F9-9275-9A754F27F088}.Release|x86.Build.0 = Release|Any CPU
		{12420CED-98AD-49FA-896F-BF077BE6348A}.Debug|Any CPU.ActiveCfg = Debug|Any CPU
		{12420CED-98AD-49FA-896F-BF077BE6348A}.Debug|Any CPU.Build.0 = Debug|Any CPU
		{12420CED-98AD-49FA-896F-BF077BE6348A}.Debug|x64.ActiveCfg = Debug|Any CPU
		{12420CED-98AD-49FA-896F-BF077BE6348A}.Debug|x64.Build.0 = Debug|Any CPU
		{12420CED-98AD-49FA-896F-BF077BE6348A}.Debug|x86.ActiveCfg = Debug|Any CPU
		{12420CED-98AD-49FA-896F-BF077BE6348A}.Debug|x86.Build.0 = Debug|Any CPU
		{12420CED-98AD-49FA-896F-BF077BE6348A}.Release|Any CPU.ActiveCfg = Release|Any CPU
		{12420CED-98AD-49FA-896F-BF077BE6348A}.Release|Any CPU.Build.0 = Release|Any CPU
		{12420CED-98AD-49FA-896F-BF077BE6348A}.Release|x64.ActiveCfg = Release|Any CPU
		{12420CED-98AD-49FA-896F-BF077BE6348A}.Release|x64.Build.0 = Release|Any CPU
		{12420CED-98AD-49FA-896F-BF077BE6348A}.Release|x86.ActiveCfg = Release|Any CPU
		{12420CED-98AD-49FA-896F-BF077BE6348A}.Release|x86.Build.0 = Release|Any CPU
		{AF54229C-4604-4E73-853F-B3458A48926D}.Debug|Any CPU.ActiveCfg = Debug|Any CPU
		{AF54229C-4604-4E73-853F-B3458A48926D}.Debug|Any CPU.Build.0 = Debug|Any CPU
		{AF54229C-4604-4E73-853F-B3458A48926D}.Debug|x64.ActiveCfg = Debug|Any CPU
		{AF54229C-4604-4E73-853F-B3458A48926D}.Debug|x64.Build.0 = Debug|Any CPU
		{AF54229C-4604-4E73-853F-B3458A48926D}.Debug|x86.ActiveCfg = Debug|Any CPU
		{AF54229C-4604-4E73-853F-B3458A48926D}.Debug|x86.Build.0 = Debug|Any CPU
		{AF54229C-4604-4E73-853F-B3458A48926D}.Release|Any CPU.ActiveCfg = Release|Any CPU
		{AF54229C-4604-4E73-853F-B3458A48926D}.Release|Any CPU.Build.0 = Release|Any CPU
		{AF54229C-4604-4E73-853F-B3458A48926D}.Release|x64.ActiveCfg = Release|Any CPU
		{AF54229C-4604-4E73-853F-B3458A48926D}.Release|x64.Build.0 = Release|Any CPU
		{AF54229C-4604-4E73-853F-B3458A48926D}.Release|x86.ActiveCfg = Release|Any CPU
		{AF54229C-4604-4E73-853F-B3458A48926D}.Release|x86.Build.0 = Release|Any CPU
		{F57F11D4-82B8-4197-B234-93769814137F}.Debug|Any CPU.ActiveCfg = Debug|Any CPU
		{F57F11D4-82B8-4197-B234-93769814137F}.Debug|Any CPU.Build.0 = Debug|Any CPU
		{F57F11D4-82B8-4197-B234-93769814137F}.Debug|x64.ActiveCfg = Debug|Any CPU
		{F57F11D4-82B8-4197-B234-93769814137F}.Debug|x64.Build.0 = Debug|Any CPU
		{F57F11D4-82B8-4197-B234-93769814137F}.Debug|x86.ActiveCfg = Debug|Any CPU
		{F57F11D4-82B8-4197-B234-93769814137F}.Debug|x86.Build.0 = Debug|Any CPU
		{F57F11D4-82B8-4197-B234-93769814137F}.Release|Any CPU.ActiveCfg = Release|Any CPU
		{F57F11D4-82B8-4197-B234-93769814137F}.Release|Any CPU.Build.0 = Release|Any CPU
		{F57F11D4-82B8-4197-B234-93769814137F}.Release|x64.ActiveCfg = Release|Any CPU
		{F57F11D4-82B8-4197-B234-93769814137F}.Release|x64.Build.0 = Release|Any CPU
		{F57F11D4-82B8-4197-B234-93769814137F}.Release|x86.ActiveCfg = Release|Any CPU
		{F57F11D4-82B8-4197-B234-93769814137F}.Release|x86.Build.0 = Release|Any CPU
		{E208915A-CCA4-4219-B6B6-D2223A6287CC}.Debug|Any CPU.ActiveCfg = Debug|Any CPU
		{E208915A-CCA4-4219-B6B6-D2223A6287CC}.Debug|Any CPU.Build.0 = Debug|Any CPU
		{E208915A-CCA4-4219-B6B6-D2223A6287CC}.Debug|x64.ActiveCfg = Debug|Any CPU
		{E208915A-CCA4-4219-B6B6-D2223A6287CC}.Debug|x64.Build.0 = Debug|Any CPU
		{E208915A-CCA4-4219-B6B6-D2223A6287CC}.Debug|x86.ActiveCfg = Debug|Any CPU
		{E208915A-CCA4-4219-B6B6-D2223A6287CC}.Debug|x86.Build.0 = Debug|Any CPU
		{E208915A-CCA4-4219-B6B6-D2223A6287CC}.Release|Any CPU.ActiveCfg = Release|Any CPU
		{E208915A-CCA4-4219-B6B6-D2223A6287CC}.Release|Any CPU.Build.0 = Release|Any CPU
		{E208915A-CCA4-4219-B6B6-D2223A6287CC}.Release|x64.ActiveCfg = Release|Any CPU
		{E208915A-CCA4-4219-B6B6-D2223A6287CC}.Release|x64.Build.0 = Release|Any CPU
		{E208915A-CCA4-4219-B6B6-D2223A6287CC}.Release|x86.ActiveCfg = Release|Any CPU
		{E208915A-CCA4-4219-B6B6-D2223A6287CC}.Release|x86.Build.0 = Release|Any CPU
		{027DC107-290E-4AF9-AB0D-7280299CACC1}.Debug|Any CPU.ActiveCfg = Debug|Any CPU
		{027DC107-290E-4AF9-AB0D-7280299CACC1}.Debug|Any CPU.Build.0 = Debug|Any CPU
		{027DC107-290E-4AF9-AB0D-7280299CACC1}.Debug|x64.ActiveCfg = Debug|Any CPU
		{027DC107-290E-4AF9-AB0D-7280299CACC1}.Debug|x64.Build.0 = Debug|Any CPU
		{027DC107-290E-4AF9-AB0D-7280299CACC1}.Debug|x86.ActiveCfg = Debug|Any CPU
		{027DC107-290E-4AF9-AB0D-7280299CACC1}.Debug|x86.Build.0 = Debug|Any CPU
		{027DC107-290E-4AF9-AB0D-7280299CACC1}.Release|Any CPU.ActiveCfg = Release|Any CPU
		{027DC107-290E-4AF9-AB0D-7280299CACC1}.Release|Any CPU.Build.0 = Release|Any CPU
		{027DC107-290E-4AF9-AB0D-7280299CACC1}.Release|x64.ActiveCfg = Release|Any CPU
		{027DC107-290E-4AF9-AB0D-7280299CACC1}.Release|x64.Build.0 = Release|Any CPU
		{027DC107-290E-4AF9-AB0D-7280299CACC1}.Release|x86.ActiveCfg = Release|Any CPU
		{027DC107-290E-4AF9-AB0D-7280299CACC1}.Release|x86.Build.0 = Release|Any CPU
		{630361EF-DE90-4F6B-B7E6-4D47C887F59C}.Debug|Any CPU.ActiveCfg = Debug|Any CPU
		{630361EF-DE90-4F6B-B7E6-4D47C887F59C}.Debug|Any CPU.Build.0 = Debug|Any CPU
		{630361EF-DE90-4F6B-B7E6-4D47C887F59C}.Debug|x64.ActiveCfg = Debug|Any CPU
		{630361EF-DE90-4F6B-B7E6-4D47C887F59C}.Debug|x64.Build.0 = Debug|Any CPU
		{630361EF-DE90-4F6B-B7E6-4D47C887F59C}.Debug|x86.ActiveCfg = Debug|Any CPU
		{630361EF-DE90-4F6B-B7E6-4D47C887F59C}.Debug|x86.Build.0 = Debug|Any CPU
		{630361EF-DE90-4F6B-B7E6-4D47C887F59C}.Release|Any CPU.ActiveCfg = Release|Any CPU
		{630361EF-DE90-4F6B-B7E6-4D47C887F59C}.Release|Any CPU.Build.0 = Release|Any CPU
		{630361EF-DE90-4F6B-B7E6-4D47C887F59C}.Release|x64.ActiveCfg = Release|Any CPU
		{630361EF-DE90-4F6B-B7E6-4D47C887F59C}.Release|x64.Build.0 = Release|Any CPU
		{630361EF-DE90-4F6B-B7E6-4D47C887F59C}.Release|x86.ActiveCfg = Release|Any CPU
		{630361EF-DE90-4F6B-B7E6-4D47C887F59C}.Release|x86.Build.0 = Release|Any CPU
		{E7FCD4E0-C366-4D90-AADD-051B2644F06C}.Debug|Any CPU.ActiveCfg = Debug|Any CPU
		{E7FCD4E0-C366-4D90-AADD-051B2644F06C}.Debug|Any CPU.Build.0 = Debug|Any CPU
		{E7FCD4E0-C366-4D90-AADD-051B2644F06C}.Debug|x64.ActiveCfg = Debug|Any CPU
		{E7FCD4E0-C366-4D90-AADD-051B2644F06C}.Debug|x64.Build.0 = Debug|Any CPU
		{E7FCD4E0-C366-4D90-AADD-051B2644F06C}.Debug|x86.ActiveCfg = Debug|Any CPU
		{E7FCD4E0-C366-4D90-AADD-051B2644F06C}.Debug|x86.Build.0 = Debug|Any CPU
		{E7FCD4E0-C366-4D90-AADD-051B2644F06C}.Release|Any CPU.ActiveCfg = Release|Any CPU
		{E7FCD4E0-C366-4D90-AADD-051B2644F06C}.Release|Any CPU.Build.0 = Release|Any CPU
		{E7FCD4E0-C366-4D90-AADD-051B2644F06C}.Release|x64.ActiveCfg = Release|Any CPU
		{E7FCD4E0-C366-4D90-AADD-051B2644F06C}.Release|x64.Build.0 = Release|Any CPU
		{E7FCD4E0-C366-4D90-AADD-051B2644F06C}.Release|x86.ActiveCfg = Release|Any CPU
		{E7FCD4E0-C366-4D90-AADD-051B2644F06C}.Release|x86.Build.0 = Release|Any CPU
		{93671E9F-C1F2-445C-82BB-F897688AE3AB}.Debug|Any CPU.ActiveCfg = Debug|Any CPU
		{93671E9F-C1F2-445C-82BB-F897688AE3AB}.Debug|Any CPU.Build.0 = Debug|Any CPU
		{93671E9F-C1F2-445C-82BB-F897688AE3AB}.Debug|x64.ActiveCfg = Debug|Any CPU
		{93671E9F-C1F2-445C-82BB-F897688AE3AB}.Debug|x64.Build.0 = Debug|Any CPU
		{93671E9F-C1F2-445C-82BB-F897688AE3AB}.Debug|x86.ActiveCfg = Debug|Any CPU
		{93671E9F-C1F2-445C-82BB-F897688AE3AB}.Debug|x86.Build.0 = Debug|Any CPU
		{93671E9F-C1F2-445C-82BB-F897688AE3AB}.Release|Any CPU.ActiveCfg = Release|Any CPU
		{93671E9F-C1F2-445C-82BB-F897688AE3AB}.Release|Any CPU.Build.0 = Release|Any CPU
		{93671E9F-C1F2-445C-82BB-F897688AE3AB}.Release|x64.ActiveCfg = Release|Any CPU
		{93671E9F-C1F2-445C-82BB-F897688AE3AB}.Release|x64.Build.0 = Release|Any CPU
		{93671E9F-C1F2-445C-82BB-F897688AE3AB}.Release|x86.ActiveCfg = Release|Any CPU
		{93671E9F-C1F2-445C-82BB-F897688AE3AB}.Release|x86.Build.0 = Release|Any CPU
		{314B79FA-BBF7-42B7-B745-725D739618B6}.Debug|Any CPU.ActiveCfg = Debug|Any CPU
		{314B79FA-BBF7-42B7-B745-725D739618B6}.Debug|Any CPU.Build.0 = Debug|Any CPU
		{314B79FA-BBF7-42B7-B745-725D739618B6}.Debug|x64.ActiveCfg = Debug|Any CPU
		{314B79FA-BBF7-42B7-B745-725D739618B6}.Debug|x64.Build.0 = Debug|Any CPU
		{314B79FA-BBF7-42B7-B745-725D739618B6}.Debug|x86.ActiveCfg = Debug|Any CPU
		{314B79FA-BBF7-42B7-B745-725D739618B6}.Debug|x86.Build.0 = Debug|Any CPU
		{314B79FA-BBF7-42B7-B745-725D739618B6}.Release|Any CPU.ActiveCfg = Release|Any CPU
		{314B79FA-BBF7-42B7-B745-725D739618B6}.Release|Any CPU.Build.0 = Release|Any CPU
		{314B79FA-BBF7-42B7-B745-725D739618B6}.Release|x64.ActiveCfg = Release|Any CPU
		{314B79FA-BBF7-42B7-B745-725D739618B6}.Release|x64.Build.0 = Release|Any CPU
		{314B79FA-BBF7-42B7-B745-725D739618B6}.Release|x86.ActiveCfg = Release|Any CPU
		{314B79FA-BBF7-42B7-B745-725D739618B6}.Release|x86.Build.0 = Release|Any CPU
		{736C9191-E598-4499-BA58-19FB5C461E83}.Debug|Any CPU.ActiveCfg = Debug|Any CPU
		{736C9191-E598-4499-BA58-19FB5C461E83}.Debug|Any CPU.Build.0 = Debug|Any CPU
		{736C9191-E598-4499-BA58-19FB5C461E83}.Debug|x64.ActiveCfg = Debug|Any CPU
		{736C9191-E598-4499-BA58-19FB5C461E83}.Debug|x64.Build.0 = Debug|Any CPU
		{736C9191-E598-4499-BA58-19FB5C461E83}.Debug|x86.ActiveCfg = Debug|Any CPU
		{736C9191-E598-4499-BA58-19FB5C461E83}.Debug|x86.Build.0 = Debug|Any CPU
		{736C9191-E598-4499-BA58-19FB5C461E83}.Release|Any CPU.ActiveCfg = Release|Any CPU
		{736C9191-E598-4499-BA58-19FB5C461E83}.Release|Any CPU.Build.0 = Release|Any CPU
		{736C9191-E598-4499-BA58-19FB5C461E83}.Release|x64.ActiveCfg = Release|Any CPU
		{736C9191-E598-4499-BA58-19FB5C461E83}.Release|x64.Build.0 = Release|Any CPU
		{736C9191-E598-4499-BA58-19FB5C461E83}.Release|x86.ActiveCfg = Release|Any CPU
		{736C9191-E598-4499-BA58-19FB5C461E83}.Release|x86.Build.0 = Release|Any CPU
		{F0D14515-0516-4AD8-9ABC-D126A13BB2F1}.Debug|Any CPU.ActiveCfg = Debug|Any CPU
		{F0D14515-0516-4AD8-9ABC-D126A13BB2F1}.Debug|Any CPU.Build.0 = Debug|Any CPU
		{F0D14515-0516-4AD8-9ABC-D126A13BB2F1}.Debug|x64.ActiveCfg = Debug|Any CPU
		{F0D14515-0516-4AD8-9ABC-D126A13BB2F1}.Debug|x64.Build.0 = Debug|Any CPU
		{F0D14515-0516-4AD8-9ABC-D126A13BB2F1}.Debug|x86.ActiveCfg = Debug|Any CPU
		{F0D14515-0516-4AD8-9ABC-D126A13BB2F1}.Debug|x86.Build.0 = Debug|Any CPU
		{F0D14515-0516-4AD8-9ABC-D126A13BB2F1}.Release|Any CPU.ActiveCfg = Release|Any CPU
		{F0D14515-0516-4AD8-9ABC-D126A13BB2F1}.Release|Any CPU.Build.0 = Release|Any CPU
		{F0D14515-0516-4AD8-9ABC-D126A13BB2F1}.Release|x64.ActiveCfg = Release|Any CPU
		{F0D14515-0516-4AD8-9ABC-D126A13BB2F1}.Release|x64.Build.0 = Release|Any CPU
		{F0D14515-0516-4AD8-9ABC-D126A13BB2F1}.Release|x86.ActiveCfg = Release|Any CPU
		{F0D14515-0516-4AD8-9ABC-D126A13BB2F1}.Release|x86.Build.0 = Release|Any CPU
		{54CD169A-AA86-49AB-9745-9F835FEF7A6A}.Debug|Any CPU.ActiveCfg = Debug|Any CPU
		{54CD169A-AA86-49AB-9745-9F835FEF7A6A}.Debug|Any CPU.Build.0 = Debug|Any CPU
		{54CD169A-AA86-49AB-9745-9F835FEF7A6A}.Debug|x64.ActiveCfg = Debug|Any CPU
		{54CD169A-AA86-49AB-9745-9F835FEF7A6A}.Debug|x64.Build.0 = Debug|Any CPU
		{54CD169A-AA86-49AB-9745-9F835FEF7A6A}.Debug|x86.ActiveCfg = Debug|Any CPU
		{54CD169A-AA86-49AB-9745-9F835FEF7A6A}.Debug|x86.Build.0 = Debug|Any CPU
		{54CD169A-AA86-49AB-9745-9F835FEF7A6A}.Release|Any CPU.ActiveCfg = Release|Any CPU
		{54CD169A-AA86-49AB-9745-9F835FEF7A6A}.Release|Any CPU.Build.0 = Release|Any CPU
		{54CD169A-AA86-49AB-9745-9F835FEF7A6A}.Release|x64.ActiveCfg = Release|Any CPU
		{54CD169A-AA86-49AB-9745-9F835FEF7A6A}.Release|x64.Build.0 = Release|Any CPU
		{54CD169A-AA86-49AB-9745-9F835FEF7A6A}.Release|x86.ActiveCfg = Release|Any CPU
		{54CD169A-AA86-49AB-9745-9F835FEF7A6A}.Release|x86.Build.0 = Release|Any CPU
		{76AD6ABE-6281-4EFF-B4BD-B2CF83344BC9}.Debug|Any CPU.ActiveCfg = Debug|Any CPU
		{76AD6ABE-6281-4EFF-B4BD-B2CF83344BC9}.Debug|Any CPU.Build.0 = Debug|Any CPU
		{76AD6ABE-6281-4EFF-B4BD-B2CF83344BC9}.Debug|x64.ActiveCfg = Debug|Any CPU
		{76AD6ABE-6281-4EFF-B4BD-B2CF83344BC9}.Debug|x64.Build.0 = Debug|Any CPU
		{76AD6ABE-6281-4EFF-B4BD-B2CF83344BC9}.Debug|x86.ActiveCfg = Debug|Any CPU
		{76AD6ABE-6281-4EFF-B4BD-B2CF83344BC9}.Debug|x86.Build.0 = Debug|Any CPU
		{76AD6ABE-6281-4EFF-B4BD-B2CF83344BC9}.Release|Any CPU.ActiveCfg = Release|Any CPU
		{76AD6ABE-6281-4EFF-B4BD-B2CF83344BC9}.Release|Any CPU.Build.0 = Release|Any CPU
		{76AD6ABE-6281-4EFF-B4BD-B2CF83344BC9}.Release|x64.ActiveCfg = Release|Any CPU
		{76AD6ABE-6281-4EFF-B4BD-B2CF83344BC9}.Release|x64.Build.0 = Release|Any CPU
		{76AD6ABE-6281-4EFF-B4BD-B2CF83344BC9}.Release|x86.ActiveCfg = Release|Any CPU
		{76AD6ABE-6281-4EFF-B4BD-B2CF83344BC9}.Release|x86.Build.0 = Release|Any CPU
		{E933CD48-238C-422D-8337-AED584454C76}.Debug|Any CPU.ActiveCfg = Debug|Any CPU
		{E933CD48-238C-422D-8337-AED584454C76}.Debug|Any CPU.Build.0 = Debug|Any CPU
		{E933CD48-238C-422D-8337-AED584454C76}.Debug|x64.ActiveCfg = Debug|Any CPU
		{E933CD48-238C-422D-8337-AED584454C76}.Debug|x64.Build.0 = Debug|Any CPU
		{E933CD48-238C-422D-8337-AED584454C76}.Debug|x86.ActiveCfg = Debug|Any CPU
		{E933CD48-238C-422D-8337-AED584454C76}.Debug|x86.Build.0 = Debug|Any CPU
		{E933CD48-238C-422D-8337-AED584454C76}.Release|Any CPU.ActiveCfg = Release|Any CPU
		{E933CD48-238C-422D-8337-AED584454C76}.Release|Any CPU.Build.0 = Release|Any CPU
		{E933CD48-238C-422D-8337-AED584454C76}.Release|x64.ActiveCfg = Release|Any CPU
		{E933CD48-238C-422D-8337-AED584454C76}.Release|x64.Build.0 = Release|Any CPU
		{E933CD48-238C-422D-8337-AED584454C76}.Release|x86.ActiveCfg = Release|Any CPU
		{E933CD48-238C-422D-8337-AED584454C76}.Release|x86.Build.0 = Release|Any CPU
		{174F6940-B80C-4064-9BFE-70AC11B4AFCA}.Debug|Any CPU.ActiveCfg = Debug|Any CPU
		{174F6940-B80C-4064-9BFE-70AC11B4AFCA}.Debug|Any CPU.Build.0 = Debug|Any CPU
		{174F6940-B80C-4064-9BFE-70AC11B4AFCA}.Debug|x64.ActiveCfg = Debug|Any CPU
		{174F6940-B80C-4064-9BFE-70AC11B4AFCA}.Debug|x64.Build.0 = Debug|Any CPU
		{174F6940-B80C-4064-9BFE-70AC11B4AFCA}.Debug|x86.ActiveCfg = Debug|Any CPU
		{174F6940-B80C-4064-9BFE-70AC11B4AFCA}.Debug|x86.Build.0 = Debug|Any CPU
		{174F6940-B80C-4064-9BFE-70AC11B4AFCA}.Release|Any CPU.ActiveCfg = Release|Any CPU
		{174F6940-B80C-4064-9BFE-70AC11B4AFCA}.Release|Any CPU.Build.0 = Release|Any CPU
		{174F6940-B80C-4064-9BFE-70AC11B4AFCA}.Release|x64.ActiveCfg = Release|Any CPU
		{174F6940-B80C-4064-9BFE-70AC11B4AFCA}.Release|x64.Build.0 = Release|Any CPU
		{174F6940-B80C-4064-9BFE-70AC11B4AFCA}.Release|x86.ActiveCfg = Release|Any CPU
		{174F6940-B80C-4064-9BFE-70AC11B4AFCA}.Release|x86.Build.0 = Release|Any CPU
		{B591C6BF-B73E-42D4-8DFA-C7419CB70DE3}.Debug|Any CPU.ActiveCfg = Debug|Any CPU
		{B591C6BF-B73E-42D4-8DFA-C7419CB70DE3}.Debug|Any CPU.Build.0 = Debug|Any CPU
		{B591C6BF-B73E-42D4-8DFA-C7419CB70DE3}.Debug|x64.ActiveCfg = Debug|Any CPU
		{B591C6BF-B73E-42D4-8DFA-C7419CB70DE3}.Debug|x64.Build.0 = Debug|Any CPU
		{B591C6BF-B73E-42D4-8DFA-C7419CB70DE3}.Debug|x86.ActiveCfg = Debug|Any CPU
		{B591C6BF-B73E-42D4-8DFA-C7419CB70DE3}.Debug|x86.Build.0 = Debug|Any CPU
		{B591C6BF-B73E-42D4-8DFA-C7419CB70DE3}.Release|Any CPU.ActiveCfg = Release|Any CPU
		{B591C6BF-B73E-42D4-8DFA-C7419CB70DE3}.Release|Any CPU.Build.0 = Release|Any CPU
		{B591C6BF-B73E-42D4-8DFA-C7419CB70DE3}.Release|x64.ActiveCfg = Release|Any CPU
		{B591C6BF-B73E-42D4-8DFA-C7419CB70DE3}.Release|x64.Build.0 = Release|Any CPU
		{B591C6BF-B73E-42D4-8DFA-C7419CB70DE3}.Release|x86.ActiveCfg = Release|Any CPU
		{B591C6BF-B73E-42D4-8DFA-C7419CB70DE3}.Release|x86.Build.0 = Release|Any CPU
		{49D386C0-C421-4B74-BD5C-72AB578918BE}.Debug|Any CPU.ActiveCfg = Debug|Any CPU
		{49D386C0-C421-4B74-BD5C-72AB578918BE}.Debug|Any CPU.Build.0 = Debug|Any CPU
		{49D386C0-C421-4B74-BD5C-72AB578918BE}.Debug|x64.ActiveCfg = Debug|Any CPU
		{49D386C0-C421-4B74-BD5C-72AB578918BE}.Debug|x64.Build.0 = Debug|Any CPU
		{49D386C0-C421-4B74-BD5C-72AB578918BE}.Debug|x86.ActiveCfg = Debug|Any CPU
		{49D386C0-C421-4B74-BD5C-72AB578918BE}.Debug|x86.Build.0 = Debug|Any CPU
		{49D386C0-C421-4B74-BD5C-72AB578918BE}.Release|Any CPU.ActiveCfg = Release|Any CPU
		{49D386C0-C421-4B74-BD5C-72AB578918BE}.Release|Any CPU.Build.0 = Release|Any CPU
		{49D386C0-C421-4B74-BD5C-72AB578918BE}.Release|x64.ActiveCfg = Release|Any CPU
		{49D386C0-C421-4B74-BD5C-72AB578918BE}.Release|x64.Build.0 = Release|Any CPU
		{49D386C0-C421-4B74-BD5C-72AB578918BE}.Release|x86.ActiveCfg = Release|Any CPU
		{49D386C0-C421-4B74-BD5C-72AB578918BE}.Release|x86.Build.0 = Release|Any CPU
		{4F71A647-31EB-4CED-A7B4-F666866B2A37}.Debug|Any CPU.ActiveCfg = Debug|Any CPU
		{4F71A647-31EB-4CED-A7B4-F666866B2A37}.Debug|Any CPU.Build.0 = Debug|Any CPU
		{4F71A647-31EB-4CED-A7B4-F666866B2A37}.Debug|x64.ActiveCfg = Debug|Any CPU
		{4F71A647-31EB-4CED-A7B4-F666866B2A37}.Debug|x64.Build.0 = Debug|Any CPU
		{4F71A647-31EB-4CED-A7B4-F666866B2A37}.Debug|x86.ActiveCfg = Debug|Any CPU
		{4F71A647-31EB-4CED-A7B4-F666866B2A37}.Debug|x86.Build.0 = Debug|Any CPU
		{4F71A647-31EB-4CED-A7B4-F666866B2A37}.Release|Any CPU.ActiveCfg = Release|Any CPU
		{4F71A647-31EB-4CED-A7B4-F666866B2A37}.Release|Any CPU.Build.0 = Release|Any CPU
		{4F71A647-31EB-4CED-A7B4-F666866B2A37}.Release|x64.ActiveCfg = Release|Any CPU
		{4F71A647-31EB-4CED-A7B4-F666866B2A37}.Release|x64.Build.0 = Release|Any CPU
		{4F71A647-31EB-4CED-A7B4-F666866B2A37}.Release|x86.ActiveCfg = Release|Any CPU
		{4F71A647-31EB-4CED-A7B4-F666866B2A37}.Release|x86.Build.0 = Release|Any CPU
		{6394BB84-31DB-48DA-87EE-FC46655D0461}.Debug|Any CPU.ActiveCfg = Debug|Any CPU
		{6394BB84-31DB-48DA-87EE-FC46655D0461}.Debug|Any CPU.Build.0 = Debug|Any CPU
		{6394BB84-31DB-48DA-87EE-FC46655D0461}.Debug|x64.ActiveCfg = Debug|Any CPU
		{6394BB84-31DB-48DA-87EE-FC46655D0461}.Debug|x64.Build.0 = Debug|Any CPU
		{6394BB84-31DB-48DA-87EE-FC46655D0461}.Debug|x86.ActiveCfg = Debug|Any CPU
		{6394BB84-31DB-48DA-87EE-FC46655D0461}.Debug|x86.Build.0 = Debug|Any CPU
		{6394BB84-31DB-48DA-87EE-FC46655D0461}.Release|Any CPU.ActiveCfg = Release|Any CPU
		{6394BB84-31DB-48DA-87EE-FC46655D0461}.Release|Any CPU.Build.0 = Release|Any CPU
		{6394BB84-31DB-48DA-87EE-FC46655D0461}.Release|x64.ActiveCfg = Release|Any CPU
		{6394BB84-31DB-48DA-87EE-FC46655D0461}.Release|x64.Build.0 = Release|Any CPU
		{6394BB84-31DB-48DA-87EE-FC46655D0461}.Release|x86.ActiveCfg = Release|Any CPU
		{6394BB84-31DB-48DA-87EE-FC46655D0461}.Release|x86.Build.0 = Release|Any CPU
		{94013823-D611-4286-AC46-8EB715874E28}.Debug|Any CPU.ActiveCfg = Debug|Any CPU
		{94013823-D611-4286-AC46-8EB715874E28}.Debug|Any CPU.Build.0 = Debug|Any CPU
		{94013823-D611-4286-AC46-8EB715874E28}.Debug|x64.ActiveCfg = Debug|Any CPU
		{94013823-D611-4286-AC46-8EB715874E28}.Debug|x64.Build.0 = Debug|Any CPU
		{94013823-D611-4286-AC46-8EB715874E28}.Debug|x86.ActiveCfg = Debug|Any CPU
		{94013823-D611-4286-AC46-8EB715874E28}.Debug|x86.Build.0 = Debug|Any CPU
		{94013823-D611-4286-AC46-8EB715874E28}.Release|Any CPU.ActiveCfg = Release|Any CPU
		{94013823-D611-4286-AC46-8EB715874E28}.Release|Any CPU.Build.0 = Release|Any CPU
		{94013823-D611-4286-AC46-8EB715874E28}.Release|x64.ActiveCfg = Release|Any CPU
		{94013823-D611-4286-AC46-8EB715874E28}.Release|x64.Build.0 = Release|Any CPU
		{94013823-D611-4286-AC46-8EB715874E28}.Release|x86.ActiveCfg = Release|Any CPU
		{94013823-D611-4286-AC46-8EB715874E28}.Release|x86.Build.0 = Release|Any CPU
		{ACE6ECA2-5CA9-44E0-9B18-C95B4531EFC6}.Debug|Any CPU.ActiveCfg = Debug|Any CPU
		{ACE6ECA2-5CA9-44E0-9B18-C95B4531EFC6}.Debug|Any CPU.Build.0 = Debug|Any CPU
		{ACE6ECA2-5CA9-44E0-9B18-C95B4531EFC6}.Debug|x64.ActiveCfg = Debug|Any CPU
		{ACE6ECA2-5CA9-44E0-9B18-C95B4531EFC6}.Debug|x64.Build.0 = Debug|Any CPU
		{ACE6ECA2-5CA9-44E0-9B18-C95B4531EFC6}.Debug|x86.ActiveCfg = Debug|Any CPU
		{ACE6ECA2-5CA9-44E0-9B18-C95B4531EFC6}.Debug|x86.Build.0 = Debug|Any CPU
		{ACE6ECA2-5CA9-44E0-9B18-C95B4531EFC6}.Release|Any CPU.ActiveCfg = Release|Any CPU
		{ACE6ECA2-5CA9-44E0-9B18-C95B4531EFC6}.Release|Any CPU.Build.0 = Release|Any CPU
		{ACE6ECA2-5CA9-44E0-9B18-C95B4531EFC6}.Release|x64.ActiveCfg = Release|Any CPU
		{ACE6ECA2-5CA9-44E0-9B18-C95B4531EFC6}.Release|x64.Build.0 = Release|Any CPU
		{ACE6ECA2-5CA9-44E0-9B18-C95B4531EFC6}.Release|x86.ActiveCfg = Release|Any CPU
		{ACE6ECA2-5CA9-44E0-9B18-C95B4531EFC6}.Release|x86.Build.0 = Release|Any CPU
		{92C8A100-CD73-46FC-B9E7-9BCB2AADB4C2}.Debug|Any CPU.ActiveCfg = Debug|Any CPU
		{92C8A100-CD73-46FC-B9E7-9BCB2AADB4C2}.Debug|Any CPU.Build.0 = Debug|Any CPU
		{92C8A100-CD73-46FC-B9E7-9BCB2AADB4C2}.Debug|x64.ActiveCfg = Debug|Any CPU
		{92C8A100-CD73-46FC-B9E7-9BCB2AADB4C2}.Debug|x64.Build.0 = Debug|Any CPU
		{92C8A100-CD73-46FC-B9E7-9BCB2AADB4C2}.Debug|x86.ActiveCfg = Debug|Any CPU
		{92C8A100-CD73-46FC-B9E7-9BCB2AADB4C2}.Debug|x86.Build.0 = Debug|Any CPU
		{92C8A100-CD73-46FC-B9E7-9BCB2AADB4C2}.Release|Any CPU.ActiveCfg = Release|Any CPU
		{92C8A100-CD73-46FC-B9E7-9BCB2AADB4C2}.Release|Any CPU.Build.0 = Release|Any CPU
		{92C8A100-CD73-46FC-B9E7-9BCB2AADB4C2}.Release|x64.ActiveCfg = Release|Any CPU
		{92C8A100-CD73-46FC-B9E7-9BCB2AADB4C2}.Release|x64.Build.0 = Release|Any CPU
		{92C8A100-CD73-46FC-B9E7-9BCB2AADB4C2}.Release|x86.ActiveCfg = Release|Any CPU
		{92C8A100-CD73-46FC-B9E7-9BCB2AADB4C2}.Release|x86.Build.0 = Release|Any CPU
		{4667B7A7-A042-4434-81DB-32FB198E3C1F}.Debug|Any CPU.ActiveCfg = Debug|Any CPU
		{4667B7A7-A042-4434-81DB-32FB198E3C1F}.Debug|Any CPU.Build.0 = Debug|Any CPU
		{4667B7A7-A042-4434-81DB-32FB198E3C1F}.Debug|x64.ActiveCfg = Debug|Any CPU
		{4667B7A7-A042-4434-81DB-32FB198E3C1F}.Debug|x64.Build.0 = Debug|Any CPU
		{4667B7A7-A042-4434-81DB-32FB198E3C1F}.Debug|x86.ActiveCfg = Debug|Any CPU
		{4667B7A7-A042-4434-81DB-32FB198E3C1F}.Debug|x86.Build.0 = Debug|Any CPU
		{4667B7A7-A042-4434-81DB-32FB198E3C1F}.Release|Any CPU.ActiveCfg = Release|Any CPU
		{4667B7A7-A042-4434-81DB-32FB198E3C1F}.Release|Any CPU.Build.0 = Release|Any CPU
		{4667B7A7-A042-4434-81DB-32FB198E3C1F}.Release|x64.ActiveCfg = Release|Any CPU
		{4667B7A7-A042-4434-81DB-32FB198E3C1F}.Release|x64.Build.0 = Release|Any CPU
		{4667B7A7-A042-4434-81DB-32FB198E3C1F}.Release|x86.ActiveCfg = Release|Any CPU
		{4667B7A7-A042-4434-81DB-32FB198E3C1F}.Release|x86.Build.0 = Release|Any CPU
		{1BE0A21C-CFA8-43AE-9D1D-851E81A719B8}.Debug|Any CPU.ActiveCfg = Debug|Any CPU
		{1BE0A21C-CFA8-43AE-9D1D-851E81A719B8}.Debug|Any CPU.Build.0 = Debug|Any CPU
		{1BE0A21C-CFA8-43AE-9D1D-851E81A719B8}.Debug|x64.ActiveCfg = Debug|Any CPU
		{1BE0A21C-CFA8-43AE-9D1D-851E81A719B8}.Debug|x64.Build.0 = Debug|Any CPU
		{1BE0A21C-CFA8-43AE-9D1D-851E81A719B8}.Debug|x86.ActiveCfg = Debug|Any CPU
		{1BE0A21C-CFA8-43AE-9D1D-851E81A719B8}.Debug|x86.Build.0 = Debug|Any CPU
		{1BE0A21C-CFA8-43AE-9D1D-851E81A719B8}.Release|Any CPU.ActiveCfg = Release|Any CPU
		{1BE0A21C-CFA8-43AE-9D1D-851E81A719B8}.Release|Any CPU.Build.0 = Release|Any CPU
		{1BE0A21C-CFA8-43AE-9D1D-851E81A719B8}.Release|x64.ActiveCfg = Release|Any CPU
		{1BE0A21C-CFA8-43AE-9D1D-851E81A719B8}.Release|x64.Build.0 = Release|Any CPU
		{1BE0A21C-CFA8-43AE-9D1D-851E81A719B8}.Release|x86.ActiveCfg = Release|Any CPU
		{1BE0A21C-CFA8-43AE-9D1D-851E81A719B8}.Release|x86.Build.0 = Release|Any CPU
		{CE75701A-E229-4B57-A41B-9DEE92F07A30}.Debug|Any CPU.ActiveCfg = Debug|Any CPU
		{CE75701A-E229-4B57-A41B-9DEE92F07A30}.Debug|Any CPU.Build.0 = Debug|Any CPU
		{CE75701A-E229-4B57-A41B-9DEE92F07A30}.Debug|x64.ActiveCfg = Debug|Any CPU
		{CE75701A-E229-4B57-A41B-9DEE92F07A30}.Debug|x64.Build.0 = Debug|Any CPU
		{CE75701A-E229-4B57-A41B-9DEE92F07A30}.Debug|x86.ActiveCfg = Debug|Any CPU
		{CE75701A-E229-4B57-A41B-9DEE92F07A30}.Debug|x86.Build.0 = Debug|Any CPU
		{CE75701A-E229-4B57-A41B-9DEE92F07A30}.Release|Any CPU.ActiveCfg = Release|Any CPU
		{CE75701A-E229-4B57-A41B-9DEE92F07A30}.Release|Any CPU.Build.0 = Release|Any CPU
		{CE75701A-E229-4B57-A41B-9DEE92F07A30}.Release|x64.ActiveCfg = Release|Any CPU
		{CE75701A-E229-4B57-A41B-9DEE92F07A30}.Release|x64.Build.0 = Release|Any CPU
		{CE75701A-E229-4B57-A41B-9DEE92F07A30}.Release|x86.ActiveCfg = Release|Any CPU
		{CE75701A-E229-4B57-A41B-9DEE92F07A30}.Release|x86.Build.0 = Release|Any CPU
	EndGlobalSection
	GlobalSection(SolutionProperties) = preSolution
		HideSolutionNode = FALSE
	EndGlobalSection
	GlobalSection(NestedProjects) = preSolution
		{0A010BAA-2496-494C-900B-12D6ED9B2347} = {16267B81-E515-4C2E-8BE9-671F5E6DE6E6}
		{2D396E91-DFC8-4E17-B7A6-6089D4B6629B} = {B61F8903-EF78-4C57-9CCC-0758D49B4C48}
		{53D2B825-915C-44BA-825D-1BBAC1F21AE0} = {16267B81-E515-4C2E-8BE9-671F5E6DE6E6}
		{5284A41F-F0C5-44F9-9275-9A754F27F088} = {16267B81-E515-4C2E-8BE9-671F5E6DE6E6}
		{12420CED-98AD-49FA-896F-BF077BE6348A} = {16267B81-E515-4C2E-8BE9-671F5E6DE6E6}
		{AF54229C-4604-4E73-853F-B3458A48926D} = {16267B81-E515-4C2E-8BE9-671F5E6DE6E6}
		{E8CFAD40-A709-484B-95BF-05136817D277} = {5100A35B-B0AD-4B31-B20D-1B6BA9C28E67}
		{F57F11D4-82B8-4197-B234-93769814137F} = {B61F8903-EF78-4C57-9CCC-0758D49B4C48}
		{E208915A-CCA4-4219-B6B6-D2223A6287CC} = {B61F8903-EF78-4C57-9CCC-0758D49B4C48}
		{027DC107-290E-4AF9-AB0D-7280299CACC1} = {B61F8903-EF78-4C57-9CCC-0758D49B4C48}
		{630361EF-DE90-4F6B-B7E6-4D47C887F59C} = {B61F8903-EF78-4C57-9CCC-0758D49B4C48}
		{E7FCD4E0-C366-4D90-AADD-051B2644F06C} = {16267B81-E515-4C2E-8BE9-671F5E6DE6E6}
		{93671E9F-C1F2-445C-82BB-F897688AE3AB} = {B61F8903-EF78-4C57-9CCC-0758D49B4C48}
		{314B79FA-BBF7-42B7-B745-725D739618B6} = {16267B81-E515-4C2E-8BE9-671F5E6DE6E6}
		{736C9191-E598-4499-BA58-19FB5C461E83} = {B61F8903-EF78-4C57-9CCC-0758D49B4C48}
		{F0D14515-0516-4AD8-9ABC-D126A13BB2F1} = {16267B81-E515-4C2E-8BE9-671F5E6DE6E6}
		{54CD169A-AA86-49AB-9745-9F835FEF7A6A} = {B61F8903-EF78-4C57-9CCC-0758D49B4C48}
		{76AD6ABE-6281-4EFF-B4BD-B2CF83344BC9} = {B61F8903-EF78-4C57-9CCC-0758D49B4C48}
		{E933CD48-238C-422D-8337-AED584454C76} = {B61F8903-EF78-4C57-9CCC-0758D49B4C48}
		{174F6940-B80C-4064-9BFE-70AC11B4AFCA} = {16267B81-E515-4C2E-8BE9-671F5E6DE6E6}
		{B591C6BF-B73E-42D4-8DFA-C7419CB70DE3} = {B61F8903-EF78-4C57-9CCC-0758D49B4C48}
		{49D386C0-C421-4B74-BD5C-72AB578918BE} = {B61F8903-EF78-4C57-9CCC-0758D49B4C48}
		{4F71A647-31EB-4CED-A7B4-F666866B2A37} = {16267B81-E515-4C2E-8BE9-671F5E6DE6E6}
		{6394BB84-31DB-48DA-87EE-FC46655D0461} = {16267B81-E515-4C2E-8BE9-671F5E6DE6E6}
		{94013823-D611-4286-AC46-8EB715874E28} = {16267B81-E515-4C2E-8BE9-671F5E6DE6E6}
		{ACE6ECA2-5CA9-44E0-9B18-C95B4531EFC6} = {16267B81-E515-4C2E-8BE9-671F5E6DE6E6}
		{92C8A100-CD73-46FC-B9E7-9BCB2AADB4C2} = {16267B81-E515-4C2E-8BE9-671F5E6DE6E6}
		{4667B7A7-A042-4434-81DB-32FB198E3C1F} = {16267B81-E515-4C2E-8BE9-671F5E6DE6E6}
		{1BE0A21C-CFA8-43AE-9D1D-851E81A719B8} = {16267B81-E515-4C2E-8BE9-671F5E6DE6E6}
		{CE75701A-E229-4B57-A41B-9DEE92F07A30} = {B61F8903-EF78-4C57-9CCC-0758D49B4C48}
	EndGlobalSection
	GlobalSection(ExtensibilityGlobals) = postSolution
		SolutionGuid = {785A054B-D40C-486E-9A4F-1A7CA8F4FCD7}
	EndGlobalSection
EndGlobal
