
Microsoft Visual Studio Solution File, Format Version 12.00
# Visual Studio Version 16
VisualStudioVersion = 16.6.30114.105
MinimumVisualStudioVersion = 10.0.40219.1
Project("{2150E333-8FDC-42A3-9474-1A3956D46DE8}") = "src", "src", "{16267B81-E515-4C2E-8BE9-671F5E6DE6E6}"
EndProject
Project("{9A19103F-16F7-4668-BE54-9A1E7A4F7556}") = "Core", "src\Core\Core.csproj", "{0A010BAA-2496-494C-900B-12D6ED9B2347}"
EndProject
Project("{2150E333-8FDC-42A3-9474-1A3956D46DE8}") = "tests", "tests", "{B61F8903-EF78-4C57-9CCC-0758D49B4C48}"
EndProject
Project("{9A19103F-16F7-4668-BE54-9A1E7A4F7556}") = "Messaging.Tests", "tests\Messaging.Tests\Messaging.Tests.csproj", "{2D396E91-DFC8-4E17-B7A6-6089D4B6629B}"
EndProject
Project("{9A19103F-16F7-4668-BE54-9A1E7A4F7556}") = "Messaging.Web.Server", "src\Messaging.Web.Server\Messaging.Web.Server.csproj", "{53D2B825-915C-44BA-825D-1BBAC1F21AE0}"
EndProject
Project("{9A19103F-16F7-4668-BE54-9A1E7A4F7556}") = "Messaging.Web.Client", "src\Messaging.Web.Client\Messaging.Web.Client.csproj", "{5284A41F-F0C5-44F9-9275-9A754F27F088}"
EndProject
Project("{9A19103F-16F7-4668-BE54-9A1E7A4F7556}") = "Messaging.Web", "src\Messaging.Web\Messaging.Web.csproj", "{09C23738-9275-483D-B2AB-EB614F9137C6}"
EndProject
Project("{9A19103F-16F7-4668-BE54-9A1E7A4F7556}") = "Messaging", "src\Messaging\Messaging.csproj", "{12420CED-98AD-49FA-896F-BF077BE6348A}"
EndProject
Project("{9A19103F-16F7-4668-BE54-9A1E7A4F7556}") = "Messaging.InMemory", "src\Messaging.InMemory\Messaging.InMemory.csproj", "{D6FE0CAA-26C5-4491-8E3F-89823266B6EB}"
EndProject
Project("{9A19103F-16F7-4668-BE54-9A1E7A4F7556}") = "Diagnostics", "src\Diagnostics\Diagnostics.csproj", "{AF54229C-4604-4E73-853F-B3458A48926D}"
EndProject
Project("{9A19103F-16F7-4668-BE54-9A1E7A4F7556}") = "Diagnostics.Tests", "tests\Diagnostics.Tests\Diagnostics.Tests.csproj", "{10FA103F-02FD-4306-9655-C9990DAA004C}"
EndProject
Project("{9A19103F-16F7-4668-BE54-9A1E7A4F7556}") = "App.Host", "src\App.Host\App.Host.csproj", "{7107B07D-47CC-4A3B-A2FD-306D75ABCAFB}"
EndProject
Project("{2150E333-8FDC-42A3-9474-1A3956D46DE8}") = "docs", "docs", "{4F6B2A00-A05C-4144-81DD-383CC77F7951}"
	ProjectSection(SolutionItems) = preProject
		LICENSE = LICENSE
		README.md = README.md
	EndProjectSection
EndProject
Project("{2150E333-8FDC-42A3-9474-1A3956D46DE8}") = ".github", ".github", "{5100A35B-B0AD-4B31-B20D-1B6BA9C28E67}"
	ProjectSection(SolutionItems) = preProject
		.github\codecov.yml = .github\codecov.yml
	EndProjectSection
EndProject
Project("{2150E333-8FDC-42A3-9474-1A3956D46DE8}") = "workflows", "workflows", "{E8CFAD40-A709-484B-95BF-05136817D277}"
	ProjectSection(SolutionItems) = preProject
		.github\workflows\ci-master.yml = .github\workflows\ci-master.yml
		.github\workflows\ci.yml = .github\workflows\ci.yml
		.github\workflows\release.yml = .github\workflows\release.yml
	EndProjectSection
EndProject
Global
	GlobalSection(SolutionConfigurationPlatforms) = preSolution
		Debug|Any CPU = Debug|Any CPU
		Debug|x64 = Debug|x64
		Debug|x86 = Debug|x86
		Release|Any CPU = Release|Any CPU
		Release|x64 = Release|x64
		Release|x86 = Release|x86
	EndGlobalSection
	GlobalSection(ProjectConfigurationPlatforms) = postSolution
		{0A010BAA-2496-494C-900B-12D6ED9B2347}.Debug|Any CPU.ActiveCfg = Debug|Any CPU
		{0A010BAA-2496-494C-900B-12D6ED9B2347}.Debug|Any CPU.Build.0 = Debug|Any CPU
		{0A010BAA-2496-494C-900B-12D6ED9B2347}.Debug|x64.ActiveCfg = Debug|Any CPU
		{0A010BAA-2496-494C-900B-12D6ED9B2347}.Debug|x64.Build.0 = Debug|Any CPU
		{0A010BAA-2496-494C-900B-12D6ED9B2347}.Debug|x86.ActiveCfg = Debug|Any CPU
		{0A010BAA-2496-494C-900B-12D6ED9B2347}.Debug|x86.Build.0 = Debug|Any CPU
		{0A010BAA-2496-494C-900B-12D6ED9B2347}.Release|Any CPU.ActiveCfg = Release|Any CPU
		{0A010BAA-2496-494C-900B-12D6ED9B2347}.Release|Any CPU.Build.0 = Release|Any CPU
		{0A010BAA-2496-494C-900B-12D6ED9B2347}.Release|x64.ActiveCfg = Release|Any CPU
		{0A010BAA-2496-494C-900B-12D6ED9B2347}.Release|x64.Build.0 = Release|Any CPU
		{0A010BAA-2496-494C-900B-12D6ED9B2347}.Release|x86.ActiveCfg = Release|Any CPU
		{0A010BAA-2496-494C-900B-12D6ED9B2347}.Release|x86.Build.0 = Release|Any CPU
		{2D396E91-DFC8-4E17-B7A6-6089D4B6629B}.Debug|Any CPU.ActiveCfg = Debug|Any CPU
		{2D396E91-DFC8-4E17-B7A6-6089D4B6629B}.Debug|Any CPU.Build.0 = Debug|Any CPU
		{2D396E91-DFC8-4E17-B7A6-6089D4B6629B}.Debug|x64.ActiveCfg = Debug|Any CPU
		{2D396E91-DFC8-4E17-B7A6-6089D4B6629B}.Debug|x64.Build.0 = Debug|Any CPU
		{2D396E91-DFC8-4E17-B7A6-6089D4B6629B}.Debug|x86.ActiveCfg = Debug|Any CPU
		{2D396E91-DFC8-4E17-B7A6-6089D4B6629B}.Debug|x86.Build.0 = Debug|Any CPU
		{2D396E91-DFC8-4E17-B7A6-6089D4B6629B}.Release|Any CPU.ActiveCfg = Release|Any CPU
		{2D396E91-DFC8-4E17-B7A6-6089D4B6629B}.Release|Any CPU.Build.0 = Release|Any CPU
		{2D396E91-DFC8-4E17-B7A6-6089D4B6629B}.Release|x64.ActiveCfg = Release|Any CPU
		{2D396E91-DFC8-4E17-B7A6-6089D4B6629B}.Release|x64.Build.0 = Release|Any CPU
		{2D396E91-DFC8-4E17-B7A6-6089D4B6629B}.Release|x86.ActiveCfg = Release|Any CPU
		{2D396E91-DFC8-4E17-B7A6-6089D4B6629B}.Release|x86.Build.0 = Release|Any CPU
		{53D2B825-915C-44BA-825D-1BBAC1F21AE0}.Debug|Any CPU.ActiveCfg = Debug|Any CPU
		{53D2B825-915C-44BA-825D-1BBAC1F21AE0}.Debug|Any CPU.Build.0 = Debug|Any CPU
		{53D2B825-915C-44BA-825D-1BBAC1F21AE0}.Debug|x64.ActiveCfg = Debug|Any CPU
		{53D2B825-915C-44BA-825D-1BBAC1F21AE0}.Debug|x64.Build.0 = Debug|Any CPU
		{53D2B825-915C-44BA-825D-1BBAC1F21AE0}.Debug|x86.ActiveCfg = Debug|Any CPU
		{53D2B825-915C-44BA-825D-1BBAC1F21AE0}.Debug|x86.Build.0 = Debug|Any CPU
		{53D2B825-915C-44BA-825D-1BBAC1F21AE0}.Release|Any CPU.ActiveCfg = Release|Any CPU
		{53D2B825-915C-44BA-825D-1BBAC1F21AE0}.Release|Any CPU.Build.0 = Release|Any CPU
		{53D2B825-915C-44BA-825D-1BBAC1F21AE0}.Release|x64.ActiveCfg = Release|Any CPU
		{53D2B825-915C-44BA-825D-1BBAC1F21AE0}.Release|x64.Build.0 = Release|Any CPU
		{53D2B825-915C-44BA-825D-1BBAC1F21AE0}.Release|x86.ActiveCfg = Release|Any CPU
		{53D2B825-915C-44BA-825D-1BBAC1F21AE0}.Release|x86.Build.0 = Release|Any CPU
		{5284A41F-F0C5-44F9-9275-9A754F27F088}.Debug|Any CPU.ActiveCfg = Debug|Any CPU
		{5284A41F-F0C5-44F9-9275-9A754F27F088}.Debug|Any CPU.Build.0 = Debug|Any CPU
		{5284A41F-F0C5-44F9-9275-9A754F27F088}.Debug|x64.ActiveCfg = Debug|Any CPU
		{5284A41F-F0C5-44F9-9275-9A754F27F088}.Debug|x64.Build.0 = Debug|Any CPU
		{5284A41F-F0C5-44F9-9275-9A754F27F088}.Debug|x86.ActiveCfg = Debug|Any CPU
		{5284A41F-F0C5-44F9-9275-9A754F27F088}.Debug|x86.Build.0 = Debug|Any CPU
		{5284A41F-F0C5-44F9-9275-9A754F27F088}.Release|Any CPU.ActiveCfg = Release|Any CPU
		{5284A41F-F0C5-44F9-9275-9A754F27F088}.Release|Any CPU.Build.0 = Release|Any CPU
		{5284A41F-F0C5-44F9-9275-9A754F27F088}.Release|x64.ActiveCfg = Release|Any CPU
		{5284A41F-F0C5-44F9-9275-9A754F27F088}.Release|x64.Build.0 = Release|Any CPU
		{5284A41F-F0C5-44F9-9275-9A754F27F088}.Release|x86.ActiveCfg = Release|Any CPU
		{5284A41F-F0C5-44F9-9275-9A754F27F088}.Release|x86.Build.0 = Release|Any CPU
		{09C23738-9275-483D-B2AB-EB614F9137C6}.Debug|Any CPU.ActiveCfg = Debug|Any CPU
		{09C23738-9275-483D-B2AB-EB614F9137C6}.Debug|Any CPU.Build.0 = Debug|Any CPU
		{09C23738-9275-483D-B2AB-EB614F9137C6}.Debug|x64.ActiveCfg = Debug|Any CPU
		{09C23738-9275-483D-B2AB-EB614F9137C6}.Debug|x64.Build.0 = Debug|Any CPU
		{09C23738-9275-483D-B2AB-EB614F9137C6}.Debug|x86.ActiveCfg = Debug|Any CPU
		{09C23738-9275-483D-B2AB-EB614F9137C6}.Debug|x86.Build.0 = Debug|Any CPU
		{09C23738-9275-483D-B2AB-EB614F9137C6}.Release|Any CPU.ActiveCfg = Release|Any CPU
		{09C23738-9275-483D-B2AB-EB614F9137C6}.Release|Any CPU.Build.0 = Release|Any CPU
		{09C23738-9275-483D-B2AB-EB614F9137C6}.Release|x64.ActiveCfg = Release|Any CPU
		{09C23738-9275-483D-B2AB-EB614F9137C6}.Release|x64.Build.0 = Release|Any CPU
		{09C23738-9275-483D-B2AB-EB614F9137C6}.Release|x86.ActiveCfg = Release|Any CPU
		{09C23738-9275-483D-B2AB-EB614F9137C6}.Release|x86.Build.0 = Release|Any CPU
		{12420CED-98AD-49FA-896F-BF077BE6348A}.Debug|Any CPU.ActiveCfg = Debug|Any CPU
		{12420CED-98AD-49FA-896F-BF077BE6348A}.Debug|Any CPU.Build.0 = Debug|Any CPU
		{12420CED-98AD-49FA-896F-BF077BE6348A}.Debug|x64.ActiveCfg = Debug|Any CPU
		{12420CED-98AD-49FA-896F-BF077BE6348A}.Debug|x64.Build.0 = Debug|Any CPU
		{12420CED-98AD-49FA-896F-BF077BE6348A}.Debug|x86.ActiveCfg = Debug|Any CPU
		{12420CED-98AD-49FA-896F-BF077BE6348A}.Debug|x86.Build.0 = Debug|Any CPU
		{12420CED-98AD-49FA-896F-BF077BE6348A}.Release|Any CPU.ActiveCfg = Release|Any CPU
		{12420CED-98AD-49FA-896F-BF077BE6348A}.Release|Any CPU.Build.0 = Release|Any CPU
		{12420CED-98AD-49FA-896F-BF077BE6348A}.Release|x64.ActiveCfg = Release|Any CPU
		{12420CED-98AD-49FA-896F-BF077BE6348A}.Release|x64.Build.0 = Release|Any CPU
		{12420CED-98AD-49FA-896F-BF077BE6348A}.Release|x86.ActiveCfg = Release|Any CPU
		{12420CED-98AD-49FA-896F-BF077BE6348A}.Release|x86.Build.0 = Release|Any CPU
		{D6FE0CAA-26C5-4491-8E3F-89823266B6EB}.Debug|Any CPU.ActiveCfg = Debug|Any CPU
		{D6FE0CAA-26C5-4491-8E3F-89823266B6EB}.Debug|Any CPU.Build.0 = Debug|Any CPU
		{D6FE0CAA-26C5-4491-8E3F-89823266B6EB}.Debug|x64.ActiveCfg = Debug|Any CPU
		{D6FE0CAA-26C5-4491-8E3F-89823266B6EB}.Debug|x64.Build.0 = Debug|Any CPU
		{D6FE0CAA-26C5-4491-8E3F-89823266B6EB}.Debug|x86.ActiveCfg = Debug|Any CPU
		{D6FE0CAA-26C5-4491-8E3F-89823266B6EB}.Debug|x86.Build.0 = Debug|Any CPU
		{D6FE0CAA-26C5-4491-8E3F-89823266B6EB}.Release|Any CPU.ActiveCfg = Release|Any CPU
		{D6FE0CAA-26C5-4491-8E3F-89823266B6EB}.Release|Any CPU.Build.0 = Release|Any CPU
		{D6FE0CAA-26C5-4491-8E3F-89823266B6EB}.Release|x64.ActiveCfg = Release|Any CPU
		{D6FE0CAA-26C5-4491-8E3F-89823266B6EB}.Release|x64.Build.0 = Release|Any CPU
		{D6FE0CAA-26C5-4491-8E3F-89823266B6EB}.Release|x86.ActiveCfg = Release|Any CPU
		{D6FE0CAA-26C5-4491-8E3F-89823266B6EB}.Release|x86.Build.0 = Release|Any CPU
		{AF54229C-4604-4E73-853F-B3458A48926D}.Debug|Any CPU.ActiveCfg = Debug|Any CPU
		{AF54229C-4604-4E73-853F-B3458A48926D}.Debug|Any CPU.Build.0 = Debug|Any CPU
		{AF54229C-4604-4E73-853F-B3458A48926D}.Debug|x64.ActiveCfg = Debug|Any CPU
		{AF54229C-4604-4E73-853F-B3458A48926D}.Debug|x64.Build.0 = Debug|Any CPU
		{AF54229C-4604-4E73-853F-B3458A48926D}.Debug|x86.ActiveCfg = Debug|Any CPU
		{AF54229C-4604-4E73-853F-B3458A48926D}.Debug|x86.Build.0 = Debug|Any CPU
		{AF54229C-4604-4E73-853F-B3458A48926D}.Release|Any CPU.ActiveCfg = Release|Any CPU
		{AF54229C-4604-4E73-853F-B3458A48926D}.Release|Any CPU.Build.0 = Release|Any CPU
		{AF54229C-4604-4E73-853F-B3458A48926D}.Release|x64.ActiveCfg = Release|Any CPU
		{AF54229C-4604-4E73-853F-B3458A48926D}.Release|x64.Build.0 = Release|Any CPU
		{AF54229C-4604-4E73-853F-B3458A48926D}.Release|x86.ActiveCfg = Release|Any CPU
		{AF54229C-4604-4E73-853F-B3458A48926D}.Release|x86.Build.0 = Release|Any CPU
		{10FA103F-02FD-4306-9655-C9990DAA004C}.Debug|Any CPU.ActiveCfg = Debug|Any CPU
		{10FA103F-02FD-4306-9655-C9990DAA004C}.Debug|Any CPU.Build.0 = Debug|Any CPU
		{10FA103F-02FD-4306-9655-C9990DAA004C}.Debug|x64.ActiveCfg = Debug|Any CPU
		{10FA103F-02FD-4306-9655-C9990DAA004C}.Debug|x64.Build.0 = Debug|Any CPU
		{10FA103F-02FD-4306-9655-C9990DAA004C}.Debug|x86.ActiveCfg = Debug|Any CPU
		{10FA103F-02FD-4306-9655-C9990DAA004C}.Debug|x86.Build.0 = Debug|Any CPU
		{10FA103F-02FD-4306-9655-C9990DAA004C}.Release|Any CPU.ActiveCfg = Release|Any CPU
		{10FA103F-02FD-4306-9655-C9990DAA004C}.Release|Any CPU.Build.0 = Release|Any CPU
		{10FA103F-02FD-4306-9655-C9990DAA004C}.Release|x64.ActiveCfg = Release|Any CPU
		{10FA103F-02FD-4306-9655-C9990DAA004C}.Release|x64.Build.0 = Release|Any CPU
		{10FA103F-02FD-4306-9655-C9990DAA004C}.Release|x86.ActiveCfg = Release|Any CPU
		{10FA103F-02FD-4306-9655-C9990DAA004C}.Release|x86.Build.0 = Release|Any CPU
		{7107B07D-47CC-4A3B-A2FD-306D75ABCAFB}.Debug|Any CPU.ActiveCfg = Debug|Any CPU
		{7107B07D-47CC-4A3B-A2FD-306D75ABCAFB}.Debug|Any CPU.Build.0 = Debug|Any CPU
		{7107B07D-47CC-4A3B-A2FD-306D75ABCAFB}.Debug|x64.ActiveCfg = Debug|Any CPU
		{7107B07D-47CC-4A3B-A2FD-306D75ABCAFB}.Debug|x64.Build.0 = Debug|Any CPU
		{7107B07D-47CC-4A3B-A2FD-306D75ABCAFB}.Debug|x86.ActiveCfg = Debug|Any CPU
		{7107B07D-47CC-4A3B-A2FD-306D75ABCAFB}.Debug|x86.Build.0 = Debug|Any CPU
		{7107B07D-47CC-4A3B-A2FD-306D75ABCAFB}.Release|Any CPU.ActiveCfg = Release|Any CPU
		{7107B07D-47CC-4A3B-A2FD-306D75ABCAFB}.Release|Any CPU.Build.0 = Release|Any CPU
		{7107B07D-47CC-4A3B-A2FD-306D75ABCAFB}.Release|x64.ActiveCfg = Release|Any CPU
		{7107B07D-47CC-4A3B-A2FD-306D75ABCAFB}.Release|x64.Build.0 = Release|Any CPU
		{7107B07D-47CC-4A3B-A2FD-306D75ABCAFB}.Release|x86.ActiveCfg = Release|Any CPU
		{7107B07D-47CC-4A3B-A2FD-306D75ABCAFB}.Release|x86.Build.0 = Release|Any CPU
	EndGlobalSection
	GlobalSection(SolutionProperties) = preSolution
		HideSolutionNode = FALSE
	EndGlobalSection
	GlobalSection(NestedProjects) = preSolution
		{0A010BAA-2496-494C-900B-12D6ED9B2347} = {16267B81-E515-4C2E-8BE9-671F5E6DE6E6}
		{2D396E91-DFC8-4E17-B7A6-6089D4B6629B} = {B61F8903-EF78-4C57-9CCC-0758D49B4C48}
		{53D2B825-915C-44BA-825D-1BBAC1F21AE0} = {16267B81-E515-4C2E-8BE9-671F5E6DE6E6}
		{5284A41F-F0C5-44F9-9275-9A754F27F088} = {16267B81-E515-4C2E-8BE9-671F5E6DE6E6}
		{09C23738-9275-483D-B2AB-EB614F9137C6} = {16267B81-E515-4C2E-8BE9-671F5E6DE6E6}
		{12420CED-98AD-49FA-896F-BF077BE6348A} = {16267B81-E515-4C2E-8BE9-671F5E6DE6E6}
		{D6FE0CAA-26C5-4491-8E3F-89823266B6EB} = {16267B81-E515-4C2E-8BE9-671F5E6DE6E6}
		{AF54229C-4604-4E73-853F-B3458A48926D} = {16267B81-E515-4C2E-8BE9-671F5E6DE6E6}
		{10FA103F-02FD-4306-9655-C9990DAA004C} = {B61F8903-EF78-4C57-9CCC-0758D49B4C48}
		{7107B07D-47CC-4A3B-A2FD-306D75ABCAFB} = {16267B81-E515-4C2E-8BE9-671F5E6DE6E6}
		{E8CFAD40-A709-484B-95BF-05136817D277} = {5100A35B-B0AD-4B31-B20D-1B6BA9C28E67}
	EndGlobalSection
	GlobalSection(ExtensibilityGlobals) = postSolution
		SolutionGuid = {785A054B-D40C-486E-9A4F-1A7CA8F4FCD7}
	EndGlobalSection
EndGlobal
